
Microsoft Visual Studio Solution File, Format Version 12.00
# Visual Studio 15
VisualStudioVersion = 15.0.28307.572
MinimumVisualStudioVersion = 10.0.40219.1
Project("{9A19103F-16F7-4668-BE54-9A1E7A4F7556}") = "LaxMotorcycles", "LaxMotorcycles.csproj", "{71DB693E-A384-4297-91A2-2FE8A6F05BDD}"
EndProject
Global
	GlobalSection(SolutionConfigurationPlatforms) = preSolution
		Debug|Any CPU = Debug|Any CPU
		Release|Any CPU = Release|Any CPU
	EndGlobalSection
	GlobalSection(ProjectConfigurationPlatforms) = postSolution
		{71DB693E-A384-4297-91A2-2FE8A6F05BDD}.Debug|Any CPU.ActiveCfg = Debug|Any CPU
		{71DB693E-A384-4297-91A2-2FE8A6F05BDD}.Debug|Any CPU.Build.0 = Debug|Any CPU
		{71DB693E-A384-4297-91A2-2FE8A6F05BDD}.Release|Any CPU.ActiveCfg = Release|Any CPU
		{71DB693E-A384-4297-91A2-2FE8A6F05BDD}.Release|Any CPU.Build.0 = Release|Any CPU
	EndGlobalSection
	GlobalSection(SolutionProperties) = preSolution
		HideSolutionNode = FALSE
	EndGlobalSection
	GlobalSection(ExtensibilityGlobals) = postSolution
		SolutionGuid = {F57CFD0D-A69B-45C6-9D78-741B96A566DB}
	EndGlobalSection
EndGlobal
